
Microsoft Visual Studio Solution File, Format Version 12.00
# Visual Studio Version 16
VisualStudioVersion = 16.0.30011.22
MinimumVisualStudioVersion = 10.0.40219.1
Project("{FAE04EC0-301F-11D3-BF4B-00C04F79EFBC}") = "EDPHeaven", "EDPHeaven\EDPHeaven.csproj", "{A9E14EA6-6AAF-48D7-8BA4-9C5A5AB158EF}"
	ProjectSection(ProjectDependencies) = postProject
		{5BCE8991-96B7-4AD2-B932-D444F27B7026} = {5BCE8991-96B7-4AD2-B932-D444F27B7026}
	EndProjectSection
EndProject
Project("{FAE04EC0-301F-11D3-BF4B-00C04F79EFBC}") = "EDPWcf", "EDPWcf\EDPWcf.csproj", "{5BCE8991-96B7-4AD2-B932-D444F27B7026}"
EndProject
Global
	GlobalSection(SolutionConfigurationPlatforms) = preSolution
		Debug|Any CPU = Debug|Any CPU
		Release|Any CPU = Release|Any CPU
	EndGlobalSection
	GlobalSection(ProjectConfigurationPlatforms) = postSolution
		{A9E14EA6-6AAF-48D7-8BA4-9C5A5AB158EF}.Debug|Any CPU.ActiveCfg = Debug|Any CPU
		{A9E14EA6-6AAF-48D7-8BA4-9C5A5AB158EF}.Debug|Any CPU.Build.0 = Debug|Any CPU
		{A9E14EA6-6AAF-48D7-8BA4-9C5A5AB158EF}.Release|Any CPU.ActiveCfg = Release|Any CPU
		{A9E14EA6-6AAF-48D7-8BA4-9C5A5AB158EF}.Release|Any CPU.Build.0 = Release|Any CPU
		{5BCE8991-96B7-4AD2-B932-D444F27B7026}.Debug|Any CPU.ActiveCfg = Debug|Any CPU
		{5BCE8991-96B7-4AD2-B932-D444F27B7026}.Debug|Any CPU.Build.0 = Debug|Any CPU
		{5BCE8991-96B7-4AD2-B932-D444F27B7026}.Release|Any CPU.ActiveCfg = Release|Any CPU
		{5BCE8991-96B7-4AD2-B932-D444F27B7026}.Release|Any CPU.Build.0 = Release|Any CPU
	EndGlobalSection
	GlobalSection(SolutionProperties) = preSolution
		HideSolutionNode = FALSE
	EndGlobalSection
	GlobalSection(ExtensibilityGlobals) = postSolution
		SolutionGuid = {0ABDCDF1-CB0E-437F-B137-FFBA53251442}
	EndGlobalSection
EndGlobal
